{
  "name": "3---api-authentication",
  "version": "1.0.0",
  "lockfileVersion": 3,
  "requires": true,
  "packages": {
    "": {
      "name": "3---api-authentication",
      "version": "1.0.0",
      "license": "ISC",
      "dependencies": {
        "3---api-authentication": "file:"
      }
    },
    "node_modules/3---api-authentication": {
      "resolved": "",
      "link": true
    }
  }
}
